uuid: 0f1dc268-4789-4efd-bafe-1aa219a9c298
langcode: en
status: true
dependencies:
  config:
    - block_content.type.page_block
  module:
    - content_translation
third_party_settings:
  content_translation:
    enabled: true
    bundle_settings:
      untranslatable_fields_hide: '0'
id: block_content.page_block
target_entity_type_id: block_content
target_bundle: page_block
default_langcode: site_default
language_alterable: true
